
Microsoft Visual Studio Solution File, Format Version 12.00
# Visual Studio 15
Project("{FAE04EC0-301F-11D3-BF4B-00C04F79EFBC}") = "Assembly-CSharp", "Assembly-CSharp.csproj", "{241A258C-BFB5-5BFB-D452-AB0A69463D71}"
EndProject
Project("{FAE04EC0-301F-11D3-BF4B-00C04F79EFBC}") = "Assembly-CSharp", "Assembly-CSharp.Player.csproj", "{BEBE1F06-FD33-CB58-A4CC-8D307D721BBE}"
EndProject
Global
	GlobalSection(SolutionConfigurationPlatforms) = preSolution
		Debug|Any CPU = Debug|Any CPU
		Release|Any CPU = Release|Any CPU
	EndGlobalSection
	GlobalSection(ProjectConfigurationPlatforms) = postSolution
		{241A258C-BFB5-5BFB-D452-AB0A69463D71}.Debug|Any CPU.ActiveCfg = Debug|Any CPU
		{241A258C-BFB5-5BFB-D452-AB0A69463D71}.Debug|Any CPU.Build.0 = Debug|Any CPU
		{241A258C-BFB5-5BFB-D452-AB0A69463D71}.Release|Any CPU.ActiveCfg = Release|Any CPU
		{241A258C-BFB5-5BFB-D452-AB0A69463D71}.Release|Any CPU.Build.0 = Release|Any CPU
		{BEBE1F06-FD33-CB58-A4CC-8D307D721BBE}.Debug|Any CPU.ActiveCfg = Debug|Any CPU
		{BEBE1F06-FD33-CB58-A4CC-8D307D721BBE}.Debug|Any CPU.Build.0 = Debug|Any CPU
		{BEBE1F06-FD33-CB58-A4CC-8D307D721BBE}.Release|Any CPU.ActiveCfg = Release|Any CPU
		{BEBE1F06-FD33-CB58-A4CC-8D307D721BBE}.Release|Any CPU.Build.0 = Release|Any CPU
	EndGlobalSection
	GlobalSection(SolutionProperties) = preSolution
		HideSolutionNode = FALSE
	EndGlobalSection
EndGlobal
